
Microsoft Visual Studio Solution File, Format Version 12.00
# Visual Studio Version 17
VisualStudioVersion = 17.9.34622.214
MinimumVisualStudioVersion = 10.0.40219.1
Project("{FAE04EC0-301F-11D3-BF4B-00C04F79EFBC}") = "S2Lab1", "S2Lab1\S2Lab1.csproj", "{223D8945-E763-48DD-B219-BCD228C6C5FD}"
EndProject
Global
	GlobalSection(SolutionConfigurationPlatforms) = preSolution
		Debug|Any CPU = Debug|Any CPU
		Release|Any CPU = Release|Any CPU
	EndGlobalSection
	GlobalSection(ProjectConfigurationPlatforms) = postSolution
		{223D8945-E763-48DD-B219-BCD228C6C5FD}.Debug|Any CPU.ActiveCfg = Debug|Any CPU
		{223D8945-E763-48DD-B219-BCD228C6C5FD}.Debug|Any CPU.Build.0 = Debug|Any CPU
		{223D8945-E763-48DD-B219-BCD228C6C5FD}.Release|Any CPU.ActiveCfg = Release|Any CPU
		{223D8945-E763-48DD-B219-BCD228C6C5FD}.Release|Any CPU.Build.0 = Release|Any CPU
	EndGlobalSection
	GlobalSection(SolutionProperties) = preSolution
		HideSolutionNode = FALSE
	EndGlobalSection
	GlobalSection(ExtensibilityGlobals) = postSolution
		SolutionGuid = {7D554019-86A5-4AD9-951B-76FE0FE5CCE3}
	EndGlobalSection
EndGlobal
